
Microsoft Visual Studio Solution File, Format Version 12.00
# Visual Studio Version 17
VisualStudioVersion = 17.4.33122.133
MinimumVisualStudioVersion = 10.0.40219.1
Project("{FAE04EC0-301F-11D3-BF4B-00C04F79EFBC}") = "DATASEG", "DATASEG\DATASEG.csproj", "{CF40218D-ADCF-4217-B4E3-AE220CC86695}"
EndProject
Global
	GlobalSection(SolutionConfigurationPlatforms) = preSolution
		Debug|Any CPU = Debug|Any CPU
		Release|Any CPU = Release|Any CPU
	EndGlobalSection
	GlobalSection(ProjectConfigurationPlatforms) = postSolution
		{CF40218D-ADCF-4217-B4E3-AE220CC86695}.Debug|Any CPU.ActiveCfg = Debug|Any CPU
		{CF40218D-ADCF-4217-B4E3-AE220CC86695}.Debug|Any CPU.Build.0 = Debug|Any CPU
		{CF40218D-ADCF-4217-B4E3-AE220CC86695}.Release|Any CPU.ActiveCfg = Release|Any CPU
		{CF40218D-ADCF-4217-B4E3-AE220CC86695}.Release|Any CPU.Build.0 = Release|Any CPU
	EndGlobalSection
	GlobalSection(SolutionProperties) = preSolution
		HideSolutionNode = FALSE
	EndGlobalSection
	GlobalSection(ExtensibilityGlobals) = postSolution
		SolutionGuid = {BA694656-2F0E-4725-BC97-3AA3EB034CAE}
	EndGlobalSection
EndGlobal
